
Microsoft Visual Studio Solution File, Format Version 12.00
# Visual Studio Version 17
VisualStudioVersion = 17.4.33110.190
MinimumVisualStudioVersion = 10.0.40219.1
Project("{9A19103F-16F7-4668-BE54-9A1E7A4F7556}") = "ArrayLessons", "ArrayLessons\ArrayLessons.csproj", "{32741F13-820D-4AD7-97D2-DBDE8B28BA43}"
EndProject
Project("{9A19103F-16F7-4668-BE54-9A1E7A4F7556}") = "ArrayPractise", "ArrayPractise\ArrayPractise.csproj", "{649E656E-E38A-4973-8EF4-4B4B69B24AFD}"
EndProject
Project("{9A19103F-16F7-4668-BE54-9A1E7A4F7556}") = "ArraysMinValue", "ArraysMinValue\ArraysMinValue.csproj", "{2F5C900E-C37D-4F3B-8EF8-C092C8101E8A}"
EndProject
Project("{FAE04EC0-301F-11D3-BF4B-00C04F79EFBC}") = "ArrayIndexes", "ArrayIndexes\ArrayIndexes.csproj", "{A4C9FA27-75A9-4804-A42B-D7AFC95E2E52}"
EndProject
Global
	GlobalSection(SolutionConfigurationPlatforms) = preSolution
		Debug|Any CPU = Debug|Any CPU
		Release|Any CPU = Release|Any CPU
	EndGlobalSection
	GlobalSection(ProjectConfigurationPlatforms) = postSolution
		{32741F13-820D-4AD7-97D2-DBDE8B28BA43}.Debug|Any CPU.ActiveCfg = Debug|Any CPU
		{32741F13-820D-4AD7-97D2-DBDE8B28BA43}.Debug|Any CPU.Build.0 = Debug|Any CPU
		{32741F13-820D-4AD7-97D2-DBDE8B28BA43}.Release|Any CPU.ActiveCfg = Release|Any CPU
		{32741F13-820D-4AD7-97D2-DBDE8B28BA43}.Release|Any CPU.Build.0 = Release|Any CPU
		{649E656E-E38A-4973-8EF4-4B4B69B24AFD}.Debug|Any CPU.ActiveCfg = Debug|Any CPU
		{649E656E-E38A-4973-8EF4-4B4B69B24AFD}.Debug|Any CPU.Build.0 = Debug|Any CPU
		{649E656E-E38A-4973-8EF4-4B4B69B24AFD}.Release|Any CPU.ActiveCfg = Release|Any CPU
		{649E656E-E38A-4973-8EF4-4B4B69B24AFD}.Release|Any CPU.Build.0 = Release|Any CPU
		{2F5C900E-C37D-4F3B-8EF8-C092C8101E8A}.Debug|Any CPU.ActiveCfg = Debug|Any CPU
		{2F5C900E-C37D-4F3B-8EF8-C092C8101E8A}.Debug|Any CPU.Build.0 = Debug|Any CPU
		{2F5C900E-C37D-4F3B-8EF8-C092C8101E8A}.Release|Any CPU.ActiveCfg = Release|Any CPU
		{2F5C900E-C37D-4F3B-8EF8-C092C8101E8A}.Release|Any CPU.Build.0 = Release|Any CPU
		{A4C9FA27-75A9-4804-A42B-D7AFC95E2E52}.Debug|Any CPU.ActiveCfg = Debug|Any CPU
		{A4C9FA27-75A9-4804-A42B-D7AFC95E2E52}.Debug|Any CPU.Build.0 = Debug|Any CPU
		{A4C9FA27-75A9-4804-A42B-D7AFC95E2E52}.Release|Any CPU.ActiveCfg = Release|Any CPU
		{A4C9FA27-75A9-4804-A42B-D7AFC95E2E52}.Release|Any CPU.Build.0 = Release|Any CPU
	EndGlobalSection
	GlobalSection(SolutionProperties) = preSolution
		HideSolutionNode = FALSE
	EndGlobalSection
	GlobalSection(ExtensibilityGlobals) = postSolution
		SolutionGuid = {9000B005-60D7-4017-A17C-DEA13DA9CA13}
	EndGlobalSection
EndGlobal
